
Microsoft Visual Studio Solution File, Format Version 12.00
# Visual Studio Version 17
VisualStudioVersion = 17.3.32929.385
MinimumVisualStudioVersion = 10.0.40219.1
Project("{9A19103F-16F7-4668-BE54-9A1E7A4F7556}") = "CSharp_Player's_Guide", "CSharp_Player's_Guide\CSharp_Player's_Guide.csproj", "{1B2B31D6-81CC-440B-BC4C-184776498304}"
EndProject
Project("{9A19103F-16F7-4668-BE54-9A1E7A4F7556}") = "Part 1", "Part 1\Part 1.csproj", "{D0C8DC9D-8D79-4F67-9173-9B8C1980D4B8}"
EndProject
Project("{9A19103F-16F7-4668-BE54-9A1E7A4F7556}") = "Hunting The Manticore - Boss Battle", "Hunting The Manticore - Boss Battle\Hunting The Manticore - Boss Battle.csproj", "{3BF3A1E8-158E-4E17-9F02-7078A26C2D9B}"
EndProject
Project("{9A19103F-16F7-4668-BE54-9A1E7A4F7556}") = "Part 2", "Part 2\Part 2.csproj", "{567A673C-005C-453F-849E-16739CCB8FA5}"
EndProject
Project("{9A19103F-16F7-4668-BE54-9A1E7A4F7556}") = "Chapter 24 - Boss Battles", "Chapter 24 - Boss Battles\Chapter 24 - Boss Battles.csproj", "{06B4D0E5-7B85-4C5F-9CCA-7D4C9499F0A7}"
EndProject
Project("{9A19103F-16F7-4668-BE54-9A1E7A4F7556}") = "TicTacToe", "TicTacToe\TicTacToe.csproj", "{AAB5F1A6-6D0B-4C5F-AAB1-2A1E277A6C02}"
EndProject
Project("{9A19103F-16F7-4668-BE54-9A1E7A4F7556}") = "Inheritance", "Inheritance\Inheritance.csproj", "{1E45191E-57F1-4F9D-AA63-39D59AA979DF}"
EndProject
Project("{9A19103F-16F7-4668-BE54-9A1E7A4F7556}") = "Polymorphism", "Polymorphism\Polymorphism.csproj", "{14CDAB27-CBF9-4E36-96CB-B01DA7B39C17}"
EndProject
Project("{9A19103F-16F7-4668-BE54-9A1E7A4F7556}") = "The_Old_Robot", "The_Old_Robot\The_Old_Robot.csproj", "{B16E149D-A392-4982-939B-8B6D6AFF16B6}"
EndProject
Project("{FAE04EC0-301F-11D3-BF4B-00C04F79EFBC}") = "Interfaces", "Interfaces\Interfaces.csproj", "{36E92BE1-FF33-4ACF-AF55-205B4230B229}"
EndProject
Project("{FAE04EC0-301F-11D3-BF4B-00C04F79EFBC}") = "Structs", "Structs\Structs.csproj", "{99A4F67B-C096-4A7B-809C-E14496A2F953}"
EndProject
Project("{FAE04EC0-301F-11D3-BF4B-00C04F79EFBC}") = "Records", "Records\Records.csproj", "{4B78F3F9-78CA-4B68-9080-9F09EB3DAB87}"
EndProject
Global
	GlobalSection(SolutionConfigurationPlatforms) = preSolution
		Debug|Any CPU = Debug|Any CPU
		Release|Any CPU = Release|Any CPU
	EndGlobalSection
	GlobalSection(ProjectConfigurationPlatforms) = postSolution
		{1B2B31D6-81CC-440B-BC4C-184776498304}.Debug|Any CPU.ActiveCfg = Debug|Any CPU
		{1B2B31D6-81CC-440B-BC4C-184776498304}.Debug|Any CPU.Build.0 = Debug|Any CPU
		{1B2B31D6-81CC-440B-BC4C-184776498304}.Release|Any CPU.ActiveCfg = Release|Any CPU
		{1B2B31D6-81CC-440B-BC4C-184776498304}.Release|Any CPU.Build.0 = Release|Any CPU
		{D0C8DC9D-8D79-4F67-9173-9B8C1980D4B8}.Debug|Any CPU.ActiveCfg = Debug|Any CPU
		{D0C8DC9D-8D79-4F67-9173-9B8C1980D4B8}.Debug|Any CPU.Build.0 = Debug|Any CPU
		{D0C8DC9D-8D79-4F67-9173-9B8C1980D4B8}.Release|Any CPU.ActiveCfg = Release|Any CPU
		{D0C8DC9D-8D79-4F67-9173-9B8C1980D4B8}.Release|Any CPU.Build.0 = Release|Any CPU
		{3BF3A1E8-158E-4E17-9F02-7078A26C2D9B}.Debug|Any CPU.ActiveCfg = Debug|Any CPU
		{3BF3A1E8-158E-4E17-9F02-7078A26C2D9B}.Debug|Any CPU.Build.0 = Debug|Any CPU
		{3BF3A1E8-158E-4E17-9F02-7078A26C2D9B}.Release|Any CPU.ActiveCfg = Release|Any CPU
		{3BF3A1E8-158E-4E17-9F02-7078A26C2D9B}.Release|Any CPU.Build.0 = Release|Any CPU
		{567A673C-005C-453F-849E-16739CCB8FA5}.Debug|Any CPU.ActiveCfg = Debug|Any CPU
		{567A673C-005C-453F-849E-16739CCB8FA5}.Debug|Any CPU.Build.0 = Debug|Any CPU
		{567A673C-005C-453F-849E-16739CCB8FA5}.Release|Any CPU.ActiveCfg = Release|Any CPU
		{567A673C-005C-453F-849E-16739CCB8FA5}.Release|Any CPU.Build.0 = Release|Any CPU
		{06B4D0E5-7B85-4C5F-9CCA-7D4C9499F0A7}.Debug|Any CPU.ActiveCfg = Debug|Any CPU
		{06B4D0E5-7B85-4C5F-9CCA-7D4C9499F0A7}.Debug|Any CPU.Build.0 = Debug|Any CPU
		{06B4D0E5-7B85-4C5F-9CCA-7D4C9499F0A7}.Release|Any CPU.ActiveCfg = Release|Any CPU
		{06B4D0E5-7B85-4C5F-9CCA-7D4C9499F0A7}.Release|Any CPU.Build.0 = Release|Any CPU
		{AAB5F1A6-6D0B-4C5F-AAB1-2A1E277A6C02}.Debug|Any CPU.ActiveCfg = Debug|Any CPU
		{AAB5F1A6-6D0B-4C5F-AAB1-2A1E277A6C02}.Debug|Any CPU.Build.0 = Debug|Any CPU
		{AAB5F1A6-6D0B-4C5F-AAB1-2A1E277A6C02}.Release|Any CPU.ActiveCfg = Release|Any CPU
		{AAB5F1A6-6D0B-4C5F-AAB1-2A1E277A6C02}.Release|Any CPU.Build.0 = Release|Any CPU
		{1E45191E-57F1-4F9D-AA63-39D59AA979DF}.Debug|Any CPU.ActiveCfg = Debug|Any CPU
		{1E45191E-57F1-4F9D-AA63-39D59AA979DF}.Debug|Any CPU.Build.0 = Debug|Any CPU
		{1E45191E-57F1-4F9D-AA63-39D59AA979DF}.Release|Any CPU.ActiveCfg = Release|Any CPU
		{1E45191E-57F1-4F9D-AA63-39D59AA979DF}.Release|Any CPU.Build.0 = Release|Any CPU
		{14CDAB27-CBF9-4E36-96CB-B01DA7B39C17}.Debug|Any CPU.ActiveCfg = Debug|Any CPU
		{14CDAB27-CBF9-4E36-96CB-B01DA7B39C17}.Debug|Any CPU.Build.0 = Debug|Any CPU
		{14CDAB27-CBF9-4E36-96CB-B01DA7B39C17}.Release|Any CPU.ActiveCfg = Release|Any CPU
		{14CDAB27-CBF9-4E36-96CB-B01DA7B39C17}.Release|Any CPU.Build.0 = Release|Any CPU
		{B16E149D-A392-4982-939B-8B6D6AFF16B6}.Debug|Any CPU.ActiveCfg = Debug|Any CPU
		{B16E149D-A392-4982-939B-8B6D6AFF16B6}.Debug|Any CPU.Build.0 = Debug|Any CPU
		{B16E149D-A392-4982-939B-8B6D6AFF16B6}.Release|Any CPU.ActiveCfg = Release|Any CPU
		{B16E149D-A392-4982-939B-8B6D6AFF16B6}.Release|Any CPU.Build.0 = Release|Any CPU
		{36E92BE1-FF33-4ACF-AF55-205B4230B229}.Debug|Any CPU.ActiveCfg = Debug|Any CPU
		{36E92BE1-FF33-4ACF-AF55-205B4230B229}.Debug|Any CPU.Build.0 = Debug|Any CPU
		{36E92BE1-FF33-4ACF-AF55-205B4230B229}.Release|Any CPU.ActiveCfg = Release|Any CPU
		{36E92BE1-FF33-4ACF-AF55-205B4230B229}.Release|Any CPU.Build.0 = Release|Any CPU
		{99A4F67B-C096-4A7B-809C-E14496A2F953}.Debug|Any CPU.ActiveCfg = Debug|Any CPU
		{99A4F67B-C096-4A7B-809C-E14496A2F953}.Debug|Any CPU.Build.0 = Debug|Any CPU
		{99A4F67B-C096-4A7B-809C-E14496A2F953}.Release|Any CPU.ActiveCfg = Release|Any CPU
		{99A4F67B-C096-4A7B-809C-E14496A2F953}.Release|Any CPU.Build.0 = Release|Any CPU
		{4B78F3F9-78CA-4B68-9080-9F09EB3DAB87}.Debug|Any CPU.ActiveCfg = Debug|Any CPU
		{4B78F3F9-78CA-4B68-9080-9F09EB3DAB87}.Debug|Any CPU.Build.0 = Debug|Any CPU
		{4B78F3F9-78CA-4B68-9080-9F09EB3DAB87}.Release|Any CPU.ActiveCfg = Release|Any CPU
		{4B78F3F9-78CA-4B68-9080-9F09EB3DAB87}.Release|Any CPU.Build.0 = Release|Any CPU
	EndGlobalSection
	GlobalSection(SolutionProperties) = preSolution
		HideSolutionNode = FALSE
	EndGlobalSection
	GlobalSection(ExtensibilityGlobals) = postSolution
		SolutionGuid = {4C5AA802-BD6F-4DBC-8102-E16EC23D8105}
	EndGlobalSection
EndGlobal
